// !$*UTF8*$!
{
	archiveVersion = 1;
	classes = {
	};
	objectVersion = 56;
	objects = {

/* Begin PBXBuildFile section */
		420E149C290AE4E500AD282C /* TrackrApp.swift in Sources */ = {isa = PBXBuildFile; fileRef = 420E149B290AE4E500AD282C /* TrackrApp.swift */; };
		420E149E290AE4E500AD282C /* ContentView.swift in Sources */ = {isa = PBXBuildFile; fileRef = 420E149D290AE4E500AD282C /* ContentView.swift */; };
		420E14A0290AE4E600AD282C /* Assets.xcassets in Resources */ = {isa = PBXBuildFile; fileRef = 420E149F290AE4E600AD282C /* Assets.xcassets */; };
		420E14A3290AE4E600AD282C /* Preview Assets.xcassets in Resources */ = {isa = PBXBuildFile; fileRef = 420E14A2290AE4E600AD282C /* Preview Assets.xcassets */; };
		420E14AB290AE7C100AD282C /* locations.json in Resources */ = {isa = PBXBuildFile; fileRef = 420E14A9290AE7C100AD282C /* locations.json */; };
		420E14AC290AE7C100AD282C /* tips.json in Resources */ = {isa = PBXBuildFile; fileRef = 420E14AA290AE7C100AD282C /* tips.json */; };
		426DC6C6291C47AA00A3B2A3 /* WorldView.swift in Sources */ = {isa = PBXBuildFile; fileRef = 426DC6C5291C47AA00A3B2A3 /* WorldView.swift */; };
		428B997E290C89F600613E9A /* Location.swift in Sources */ = {isa = PBXBuildFile; fileRef = 428B997D290C89F600613E9A /* Location.swift */; };
		42BB686D291B9D6000EEEB78 /* Locations.swift in Sources */ = {isa = PBXBuildFile; fileRef = 42BB686C291B9D6000EEEB78 /* Locations.swift */; };
/* End PBXBuildFile section */

/* Begin PBXFileReference section */
		420E1498290AE4E500AD282C /* Trackr.app */ = {isa = PBXFileReference; explicitFileType = wrapper.application; includeInIndex = 0; path = Trackr.app; sourceTree = BUILT_PRODUCTS_DIR; };
		420E149B290AE4E500AD282C /* TrackrApp.swift */ = {isa = PBXFileReference; lastKnownFileType = sourcecode.swift; path = TrackrApp.swift; sourceTree = "<group>"; };
		420E149D290AE4E500AD282C /* ContentView.swift */ = {isa = PBXFileReference; lastKnownFileType = sourcecode.swift; path = ContentView.swift; sourceTree = "<group>"; };
		420E149F290AE4E600AD282C /* Assets.xcassets */ = {isa = PBXFileReference; lastKnownFileType = folder.assetcatalog; path = Assets.xcassets; sourceTree = "<group>"; };
		420E14A2290AE4E600AD282C /* Preview Assets.xcassets */ = {isa = PBXFileReference; lastKnownFileType = folder.assetcatalog; path = "Preview Assets.xcassets"; sourceTree = "<group>"; };
		420E14A9290AE7C100AD282C /* locations.json */ = {isa = PBXFileReference; fileEncoding = 4; lastKnownFileType = text.json; path = locations.json; sourceTree = "<group>"; };
		420E14AA290AE7C100AD282C /* tips.json */ = {isa = PBXFileReference; fileEncoding = 4; lastKnownFileType = text.json; path = tips.json; sourceTree = "<group>"; };
		426DC6C5291C47AA00A3B2A3 /* WorldView.swift */ = {isa = PBXFileReference; lastKnownFileType = sourcecode.swift; path = WorldView.swift; sourceTree = "<group>"; };
		428B997D290C89F600613E9A /* Location.swift */ = {isa = PBXFileReference; lastKnownFileType = sourcecode.swift; path = Location.swift; sourceTree = "<group>"; };
		42BB686C291B9D6000EEEB78 /* Locations.swift */ = {isa = PBXFileReference; lastKnownFileType = sourcecode.swift; path = Locations.swift; sourceTree = "<group>"; };
/* End PBXFileReference section */

/* Begin PBXFrameworksBuildPhase section */
		420E1495290AE4E500AD282C /* Frameworks */ = {
			isa = PBXFrameworksBuildPhase;
			buildActionMask = 2147483647;
			files = (
			);
			runOnlyForDeploymentPostprocessing = 0;
		};
/* End PBXFrameworksBuildPhase section */

/* Begin PBXGroup section */
		420E148F290AE4E500AD282C = {
			isa = PBXGroup;
			children = (
				420E149A290AE4E500AD282C /* Trackr */,
				420E1499290AE4E500AD282C /* Products */,
			);
			sourceTree = "<group>";
		};
		420E1499290AE4E500AD282C /* Products */ = {
			isa = PBXGroup;
			children = (
				420E1498290AE4E500AD282C /* Trackr.app */,
			);
			name = Products;
			sourceTree = "<group>";
		};
		420E149A290AE4E500AD282C /* Trackr */ = {
			isa = PBXGroup;
			children = (
				420E149B290AE4E500AD282C /* TrackrApp.swift */,
				426DC6C5291C47AA00A3B2A3 /* WorldView.swift */,
				420E149D290AE4E500AD282C /* ContentView.swift */,
				428B997D290C89F600613E9A /* Location.swift */,
				42BB686C291B9D6000EEEB78 /* Locations.swift */,
				420E14A9290AE7C100AD282C /* locations.json */,
				420E149F290AE4E600AD282C /* Assets.xcassets */,
				420E14AA290AE7C100AD282C /* tips.json */,
				420E14A1290AE4E600AD282C /* Preview Content */,
			);
			path = Trackr;
			sourceTree = "<group>";
		};
		420E14A1290AE4E600AD282C /* Preview Content */ = {
			isa = PBXGroup;
			children = (
				420E14A2290AE4E600AD282C /* Preview Assets.xcassets */,
			);
			path = "Preview Content";
			sourceTree = "<group>";
		};
/* End PBXGroup section */

/* Begin PBXNativeTarget section */
		420E1497290AE4E500AD282C /* Trackr */ = {
			isa = PBXNativeTarget;
			buildConfigurationList = 420E14A6290AE4E600AD282C /* Build configuration list for PBXNativeTarget "Trackr" */;
			buildPhases = (
				420E1494290AE4E500AD282C /* Sources */,
				420E1495290AE4E500AD282C /* Frameworks */,
				420E1496290AE4E500AD282C /* Resources */,
			);
			buildRules = (
			);
			dependencies = (
			);
			name = Trackr;
			productName = Trackr;
			productReference = 420E1498290AE4E500AD282C /* Trackr.app */;
			productType = "com.apple.product-type.application";
		};
/* End PBXNativeTarget section */

/* Begin PBXProject section */
		420E1490290AE4E500AD282C /* Project object */ = {
			isa = PBXProject;
			attributes = {
				BuildIndependentTargetsInParallel = 1;
				LastSwiftUpdateCheck = 1400;
				LastUpgradeCheck = 1400;
				TargetAttributes = {
					420E1497290AE4E500AD282C = {
						CreatedOnToolsVersion = 14.0.1;
					};
				};
			};
			buildConfigurationList = 420E1493290AE4E500AD282C /* Build configuration list for PBXProject "Trackr" */;
			compatibilityVersion = "Xcode 14.0";
			developmentRegion = en;
			hasScannedForEncodings = 0;
			knownRegions = (
				en,
				Base,
			);
			mainGroup = 420E148F290AE4E500AD282C;
			productRefGroup = 420E1499290AE4E500AD282C /* Products */;
			projectDirPath = "";
			projectRoot = "";
			targets = (
				420E1497290AE4E500AD282C /* Trackr */,
			);
		};
/* End PBXProject section */

/* Begin PBXResourcesBuildPhase section */
		420E1496290AE4E500AD282C /* Resources */ = {
			isa = PBXResourcesBuildPhase;
			buildActionMask = 2147483647;
			files = (
				420E14A3290AE4E600AD282C /* Preview Assets.xcassets in Resources */,
				420E14AC290AE7C100AD282C /* tips.json in Resources */,
				420E14AB290AE7C100AD282C /* locations.json in Resources */,
				420E14A0290AE4E600AD282C /* Assets.xcassets in Resources */,
			);
			runOnlyForDeploymentPostprocessing = 0;
		};
/* End PBXResourcesBuildPhase section */

/* Begin PBXSourcesBuildPhase section */
		420E1494290AE4E500AD282C /* Sources */ = {
			isa = PBXSourcesBuildPhase;
			buildActionMask = 2147483647;
			files = (
				420E149E290AE4E500AD282C /* ContentView.swift in Sources */,
				428B997E290C89F600613E9A /* Location.swift in Sources */,
				426DC6C6291C47AA00A3B2A3 /* WorldView.swift in Sources */,
				42BB686D291B9D6000EEEB78 /* Locations.swift in Sources */,
				420E149C290AE4E500AD282C /* TrackrApp.swift in Sources */,
			);
			runOnlyForDeploymentPostprocessing = 0;
		};
/* End PBXSourcesBuildPhase section */

/* Begin XCBuildConfiguration section */
		420E14A4290AE4E600AD282C /* Debug */ = {
			isa = XCBuildConfiguration;
			buildSettings = {
				ALWAYS_SEARCH_USER_PATHS = NO;
				CLANG_ANALYZER_NONNULL = YES;
				CLANG_ANALYZER_NUMBER_OBJECT_CONVERSION = YES_AGGRESSIVE;
				CLANG_CXX_LANGUAGE_STANDARD = "gnu++20";
				CLANG_ENABLE_MODULES = YES;
				CLANG_ENABLE_OBJC_ARC = YES;
				CLANG_ENABLE_OBJC_WEAK = YES;
				CLANG_WARN_BLOCK_CAPTURE_AUTORELEASING = YES;
				CLANG_WARN_BOOL_CONVERSION = YES;
				CLANG_WARN_COMMA = YES;
				CLANG_WARN_CONSTANT_CONVERSION = YES;
				CLANG_WARN_DEPRECATED_OBJC_IMPLEMENTATIONS = YES;
				CLANG_WARN_DIRECT_OBJC_ISA_USAGE = YES_ERROR;
				CLANG_WARN_DOCUMENTATION_COMMENTS = YES;
				CLANG_WARN_EMPTY_BODY = YES;
				CLANG_WARN_ENUM_CONVERSION = YES;
				CLANG_WARN_INFINITE_RECURSION = YES;
				CLANG_WARN_INT_CONVERSION = YES;
				CLANG_WARN_NON_LITERAL_NULL_CONVERSION = YES;
				CLANG_WARN_OBJC_IMPLICIT_RETAIN_SELF = YES;
				CLANG_WARN_OBJC_LITERAL_CONVERSION = YES;
				CLANG_WARN_OBJC_ROOT_CLASS = YES_ERROR;
				CLANG_WARN_QUOTED_INCLUDE_IN_FRAMEWORK_HEADER = YES;
				CLANG_WARN_RANGE_LOOP_ANALYSIS = YES;
				CLANG_WARN_STRICT_PROTOTYPES = YES;
				CLANG_WARN_SUSPICIOUS_MOVE = YES;
				CLANG_WARN_UNGUARDED_AVAILABILITY = YES_AGGRESSIVE;
				CLANG_WARN_UNREACHABLE_CODE = YES;
				CLANG_WARN__DUPLICATE_METHOD_MATCH = YES;
				COPY_PHASE_STRIP = NO;
				DEBUG_INFORMATION_FORMAT = dwarf;
				ENABLE_STRICT_OBJC_MSGSEND = YES;
				ENABLE_TESTABILITY = YES;
				GCC_C_LANGUAGE_STANDARD = gnu11;
				GCC_DYNAMIC_NO_PIC = NO;
				GCC_NO_COMMON_BLOCKS = YES;
				GCC_OPTIMIZATION_LEVEL = 0;
				GCC_PREPROCESSOR_DEFINITIONS = (
					"DEBUG=1",
					"$(inherited)",
				);
				GCC_WARN_64_TO_32_BIT_CONVERSION = YES;
				GCC_WARN_ABOUT_RETURN_TYPE = YES_ERROR;
				GCC_WARN_UNDECLARED_SELECTOR = YES;
				GCC_WARN_UNINITIALIZED_AUTOS = YES_AGGRESSIVE;
				GCC_WARN_UNUSED_FUNCTION = YES;
				GCC_WARN_UNUSED_VARIABLE = YES;
				IPHONEOS_DEPLOYMENT_TARGET = 16.0;
				MTL_ENABLE_DEBUG_INFO = INCLUDE_SOURCE;
				MTL_FAST_MATH = YES;
				ONLY_ACTIVE_ARCH = YES;
				SDKROOT = iphoneos;
				SWIFT_ACTIVE_COMPILATION_CONDITIONS = DEBUG;
				SWIFT_OPTIMIZATION_LEVEL = "-Onone";
			};
			name = Debug;
		};
		420E14A5290AE4E600AD282C /* Release */ = {
			isa = XCBuildConfiguration;
			buildSettings = {
				ALWAYS_SEARCH_USER_PATHS = NO;
				CLANG_ANALYZER_NONNULL = YES;
				CLANG_ANALYZER_NUMBER_OBJECT_CONVERSION = YES_AGGRESSIVE;
				CLANG_CXX_LANGUAGE_STANDARD = "gnu++20";
				CLANG_ENABLE_MODULES = YES;
				CLANG_ENABLE_OBJC_ARC = YES;
				CLANG_ENABLE_OBJC_WEAK = YES;
				CLANG_WARN_BLOCK_CAPTURE_AUTORELEASING = YES;
				CLANG_WARN_BOOL_CONVERSION = YES;
				CLANG_WARN_COMMA = YES;
				CLANG_WARN_CONSTANT_CONVERSION = YES;
				CLANG_WARN_DEPRECATED_OBJC_IMPLEMENTATIONS = YES;
				CLANG_WARN_DIRECT_OBJC_ISA_USAGE = YES_ERROR;
				CLANG_WARN_DOCUMENTATION_COMMENTS = YES;
				CLANG_WARN_EMPTY_BODY = YES;
				CLANG_WARN_ENUM_CONVERSION = YES;
				CLANG_WARN_INFINITE_RECURSION = YES;
				CLANG_WARN_INT_CONVERSION = YES;
				CLANG_WARN_NON_LITERAL_NULL_CONVERSION = YES;
				CLANG_WARN_OBJC_IMPLICIT_RETAIN_SELF = YES;
				CLANG_WARN_OBJC_LITERAL_CONVERSION = YES;
				CLANG_WARN_OBJC_ROOT_CLASS = YES_ERROR;
				CLANG_WARN_QUOTED_INCLUDE_IN_FRAMEWORK_HEADER = YES;
				CLANG_WARN_RANGE_LOOP_ANALYSIS = YES;
				CLANG_WARN_STRICT_PROTOTYPES = YES;
				CLANG_WARN_SUSPICIOUS_MOVE = YES;
				CLANG_WARN_UNGUARDED_AVAILABILITY = YES_AGGRESSIVE;
				CLANG_WARN_UNREACHABLE_CODE = YES;
				CLANG_WARN__DUPLICATE_METHOD_MATCH = YES;
				COPY_PHASE_STRIP = NO;
				DEBUG_INFORMATION_FORMAT = "dwarf-with-dsym";
				ENABLE_NS_ASSERTIONS = NO;
				ENABLE_STRICT_OBJC_MSGSEND = YES;
				GCC_C_LANGUAGE_STANDARD = gnu11;
				GCC_NO_COMMON_BLOCKS = YES;
				GCC_WARN_64_TO_32_BIT_CONVERSION = YES;
				GCC_WARN_ABOUT_RETURN_TYPE = YES_ERROR;
				GCC_WARN_UNDECLARED_SELECTOR = YES;
				GCC_WARN_UNINITIALIZED_AUTOS = YES_AGGRESSIVE;
				GCC_WARN_UNUSED_FUNCTION = YES;
				GCC_WARN_UNUSED_VARIABLE = YES;
				IPHONEOS_DEPLOYMENT_TARGET = 16.0;
				MTL_ENABLE_DEBUG_INFO = NO;
				MTL_FAST_MATH = YES;
				SDKROOT = iphoneos;
				SWIFT_COMPILATION_MODE = wholemodule;
				SWIFT_OPTIMIZATION_LEVEL = "-O";
				VALIDATE_PRODUCT = YES;
			};
			name = Release;
		};
		420E14A7290AE4E600AD282C /* Debug */ = {
			isa = XCBuildConfiguration;
			buildSettings = {
				ASSETCATALOG_COMPILER_APPICON_NAME = AppIcon;
				ASSETCATALOG_COMPILER_GLOBAL_ACCENT_COLOR_NAME = AccentColor;
				CODE_SIGN_STYLE = Automatic;
				CURRENT_PROJECT_VERSION = 1;
				DEVELOPMENT_ASSET_PATHS = "\"Trackr/Preview Content\"";
				DEVELOPMENT_TEAM = 589Z347LDF;
				ENABLE_PREVIEWS = YES;
				GENERATE_INFOPLIST_FILE = YES;
				INFOPLIST_KEY_UIApplicationSceneManifest_Generation = YES;
				INFOPLIST_KEY_UIApplicationSupportsIndirectInputEvents = YES;
				INFOPLIST_KEY_UILaunchScreen_Generation = YES;
				INFOPLIST_KEY_UISupportedInterfaceOrientations_iPad = "UIInterfaceOrientationPortrait UIInterfaceOrientationPortraitUpsideDown UIInterfaceOrientationLandscapeLeft UIInterfaceOrientationLandscapeRight";
				INFOPLIST_KEY_UISupportedInterfaceOrientations_iPhone = "UIInterfaceOrientationPortrait UIInterfaceOrientationLandscapeLeft UIInterfaceOrientationLandscapeRight";
				LD_RUNPATH_SEARCH_PATHS = (
					"$(inherited)",
					"@executable_path/Frameworks",
				);
				MARKETING_VERSION = 1.0;
				PRODUCT_BUNDLE_IDENTIFIER = com.JCN.Trackr;
				PRODUCT_NAME = "$(TARGET_NAME)";
				SWIFT_EMIT_LOC_STRINGS = YES;
				SWIFT_VERSION = 5.0;
				TARGETED_DEVICE_FAMILY = "1,2";
			};
			name = Debug;
		};
		420E14A8290AE4E600AD282C /* Release */ = {
			isa = XCBuildConfiguration;
			buildSettings = {
				ASSETCATALOG_COMPILER_APPICON_NAME = AppIcon;
				ASSETCATALOG_COMPILER_GLOBAL_ACCENT_COLOR_NAME = AccentColor;
				CODE_SIGN_STYLE = Automatic;
				CURRENT_PROJECT_VERSION = 1;
				DEVELOPMENT_ASSET_PATHS = "\"Trackr/Preview Content\"";
				DEVELOPMENT_TEAM = 589Z347LDF;
				ENABLE_PREVIEWS = YES;
				GENERATE_INFOPLIST_FILE = YES;
				INFOPLIST_KEY_UIApplicationSceneManifest_Generation = YES;
				INFOPLIST_KEY_UIApplicationSupportsIndirectInputEvents = YES;
				INFOPLIST_KEY_UILaunchScreen_Generation = YES;
				INFOPLIST_KEY_UISupportedInterfaceOrientations_iPad = "UIInterfaceOrientationPortrait UIInterfaceOrientationPortraitUpsideDown UIInterfaceOrientationLandscapeLeft UIInterfaceOrientationLandscapeRight";
				INFOPLIST_KEY_UISupportedInterfaceOrientations_iPhone = "UIInterfaceOrientationPortrait UIInterfaceOrientationLandscapeLeft UIInterfaceOrientationLandscapeRight";
				LD_RUNPATH_SEARCH_PATHS = (
					"$(inherited)",
					"@executable_path/Frameworks",
				);
				MARKETING_VERSION = 1.0;
				PRODUCT_BUNDLE_IDENTIFIER = com.JCN.Trackr;
				PRODUCT_NAME = "$(TARGET_NAME)";
				SWIFT_EMIT_LOC_STRINGS = YES;
				SWIFT_VERSION = 5.0;
				TARGETED_DEVICE_FAMILY = "1,2";
			};
			name = Release;
		};
/* End XCBuildConfiguration section */

/* Begin XCConfigurationList section */
		420E1493290AE4E500AD282C /* Build configuration list for PBXProject "Trackr" */ = {
			isa = XCConfigurationList;
			buildConfigurations = (
				420E14A4290AE4E600AD282C /* Debug */,
				420E14A5290AE4E600AD282C /* Release */,
			);
			defaultConfigurationIsVisible = 0;
			defaultConfigurationName = Release;
		};
		420E14A6290AE4E600AD282C /* Build configuration list for PBXNativeTarget "Trackr" */ = {
			isa = XCConfigurationList;
			buildConfigurations = (
				420E14A7290AE4E600AD282C /* Debug */,
				420E14A8290AE4E600AD282C /* Release */,
			);
			defaultConfigurationIsVisible = 0;
			defaultConfigurationName = Release;
		};
/* End XCConfigurationList section */
	};
	rootObject = 420E1490290AE4E500AD282C /* Project object */;
}
